// !$*UTF8*$!
{
	archiveVersion = 1;
	classes = {
	};
	objectVersion = 50;
	objects = {

/* Begin PBXBuildFile section */
		847A0DBC21A16F57008D13B8 /* AppDelegate.swift in Sources */ = {isa = PBXBuildFile; fileRef = 847A0DBB21A16F57008D13B8 /* AppDelegate.swift */; };
		847A0DBE21A16F57008D13B8 /* ViewController.swift in Sources */ = {isa = PBXBuildFile; fileRef = 847A0DBD21A16F57008D13B8 /* ViewController.swift */; };
		847A0DC121A16F57008D13B8 /* Main.storyboard in Resources */ = {isa = PBXBuildFile; fileRef = 847A0DBF21A16F57008D13B8 /* Main.storyboard */; };
		847A0DC321A16F57008D13B8 /* Assets.xcassets in Resources */ = {isa = PBXBuildFile; fileRef = 847A0DC221A16F57008D13B8 /* Assets.xcassets */; };
		847A0DC621A16F57008D13B8 /* LaunchScreen.storyboard in Resources */ = {isa = PBXBuildFile; fileRef = 847A0DC421A16F57008D13B8 /* LaunchScreen.storyboard */; };
		847A0DCF21A1703D008D13B8 /* FlatColors.swift in Sources */ = {isa = PBXBuildFile; fileRef = 847A0DCE21A1703D008D13B8 /* FlatColors.swift */; };
		847A0DD121A17082008D13B8 /* Extensions.swift in Sources */ = {isa = PBXBuildFile; fileRef = 847A0DD021A17082008D13B8 /* Extensions.swift */; };
		847A0DD521A17165008D13B8 /* FlatColors.xcassets in Resources */ = {isa = PBXBuildFile; fileRef = 847A0DD321A17165008D13B8 /* FlatColors.xcassets */; };
		847A0DD621A17165008D13B8 /* FlatLiterals.swift in Sources */ = {isa = PBXBuildFile; fileRef = 847A0DD421A17165008D13B8 /* FlatLiterals.swift */; };
/* End PBXBuildFile section */

/* Begin PBXFileReference section */
		847A0DB821A16F57008D13B8 /* SALFlatColors.app */ = {isa = PBXFileReference; explicitFileType = wrapper.application; includeInIndex = 0; path = SALFlatColors.app; sourceTree = BUILT_PRODUCTS_DIR; };
		847A0DBB21A16F57008D13B8 /* AppDelegate.swift */ = {isa = PBXFileReference; lastKnownFileType = sourcecode.swift; path = AppDelegate.swift; sourceTree = "<group>"; };
		847A0DBD21A16F57008D13B8 /* ViewController.swift */ = {isa = PBXFileReference; lastKnownFileType = sourcecode.swift; path = ViewController.swift; sourceTree = "<group>"; };
		847A0DC021A16F57008D13B8 /* Base */ = {isa = PBXFileReference; lastKnownFileType = file.storyboard; name = Base; path = Base.lproj/Main.storyboard; sourceTree = "<group>"; };
		847A0DC221A16F57008D13B8 /* Assets.xcassets */ = {isa = PBXFileReference; lastKnownFileType = folder.assetcatalog; path = Assets.xcassets; sourceTree = "<group>"; };
		847A0DC521A16F57008D13B8 /* Base */ = {isa = PBXFileReference; lastKnownFileType = file.storyboard; name = Base; path = Base.lproj/LaunchScreen.storyboard; sourceTree = "<group>"; };
		847A0DC721A16F57008D13B8 /* Info.plist */ = {isa = PBXFileReference; lastKnownFileType = text.plist.xml; path = Info.plist; sourceTree = "<group>"; };
		847A0DCE21A1703D008D13B8 /* FlatColors.swift */ = {isa = PBXFileReference; fileEncoding = 4; lastKnownFileType = sourcecode.swift; path = FlatColors.swift; sourceTree = "<group>"; };
		847A0DD021A17082008D13B8 /* Extensions.swift */ = {isa = PBXFileReference; lastKnownFileType = sourcecode.swift; path = Extensions.swift; sourceTree = "<group>"; };
		847A0DD321A17165008D13B8 /* FlatColors.xcassets */ = {isa = PBXFileReference; lastKnownFileType = folder.assetcatalog; path = FlatColors.xcassets; sourceTree = "<group>"; };
		847A0DD421A17165008D13B8 /* FlatLiterals.swift */ = {isa = PBXFileReference; fileEncoding = 4; lastKnownFileType = sourcecode.swift; path = FlatLiterals.swift; sourceTree = "<group>"; };
/* End PBXFileReference section */

/* Begin PBXFrameworksBuildPhase section */
		847A0DB521A16F57008D13B8 /* Frameworks */ = {
			isa = PBXFrameworksBuildPhase;
			buildActionMask = 2147483647;
			files = (
			);
			runOnlyForDeploymentPostprocessing = 0;
		};
/* End PBXFrameworksBuildPhase section */

/* Begin PBXGroup section */
		847A0DAF21A16F57008D13B8 = {
			isa = PBXGroup;
			children = (
				847A0DD221A170EA008D13B8 /* Generated */,
				847A0DCD21A1703D008D13B8 /* Classes */,
				847A0DBA21A16F57008D13B8 /* SALFlatColors */,
				847A0DB921A16F57008D13B8 /* Products */,
			);
			sourceTree = "<group>";
		};
		847A0DB921A16F57008D13B8 /* Products */ = {
			isa = PBXGroup;
			children = (
				847A0DB821A16F57008D13B8 /* SALFlatColors.app */,
			);
			name = Products;
			sourceTree = "<group>";
		};
		847A0DBA21A16F57008D13B8 /* SALFlatColors */ = {
			isa = PBXGroup;
			children = (
				847A0DBB21A16F57008D13B8 /* AppDelegate.swift */,
				847A0DBD21A16F57008D13B8 /* ViewController.swift */,
				847A0DD021A17082008D13B8 /* Extensions.swift */,
				847A0DBF21A16F57008D13B8 /* Main.storyboard */,
				847A0DC221A16F57008D13B8 /* Assets.xcassets */,
				847A0DC421A16F57008D13B8 /* LaunchScreen.storyboard */,
				847A0DC721A16F57008D13B8 /* Info.plist */,
			);
			path = SALFlatColors;
			sourceTree = "<group>";
		};
		847A0DCD21A1703D008D13B8 /* Classes */ = {
			isa = PBXGroup;
			children = (
				847A0DCE21A1703D008D13B8 /* FlatColors.swift */,
			);
			path = Classes;
			sourceTree = "<group>";
		};
		847A0DD221A170EA008D13B8 /* Generated */ = {
			isa = PBXGroup;
			children = (
				847A0DD421A17165008D13B8 /* FlatLiterals.swift */,
				847A0DD321A17165008D13B8 /* FlatColors.xcassets */,
			);
			path = Generated;
			sourceTree = "<group>";
		};
/* End PBXGroup section */

/* Begin PBXNativeTarget section */
		847A0DB721A16F57008D13B8 /* SALFlatColors */ = {
			isa = PBXNativeTarget;
			buildConfigurationList = 847A0DCA21A16F57008D13B8 /* Build configuration list for PBXNativeTarget "SALFlatColors" */;
			buildPhases = (
				847A0DB421A16F57008D13B8 /* Sources */,
				847A0DB521A16F57008D13B8 /* Frameworks */,
				847A0DB621A16F57008D13B8 /* Resources */,
			);
			buildRules = (
			);
			dependencies = (
			);
			name = SALFlatColors;
			productName = SALFlatColors;
			productReference = 847A0DB821A16F57008D13B8 /* SALFlatColors.app */;
			productType = "com.apple.product-type.application";
		};
/* End PBXNativeTarget section */

/* Begin PBXProject section */
		847A0DB021A16F57008D13B8 /* Project object */ = {
			isa = PBXProject;
			attributes = {
				LastSwiftUpdateCheck = 1010;
				LastUpgradeCheck = 1010;
				ORGANIZATIONNAME = "A&S.";
				TargetAttributes = {
					847A0DB721A16F57008D13B8 = {
						CreatedOnToolsVersion = 10.1;
					};
				};
			};
			buildConfigurationList = 847A0DB321A16F57008D13B8 /* Build configuration list for PBXProject "SALFlatColors" */;
			compatibilityVersion = "Xcode 9.3";
			developmentRegion = en;
			hasScannedForEncodings = 0;
			knownRegions = (
				en,
				Base,
			);
			mainGroup = 847A0DAF21A16F57008D13B8;
			productRefGroup = 847A0DB921A16F57008D13B8 /* Products */;
			projectDirPath = "";
			projectRoot = "";
			targets = (
				847A0DB721A16F57008D13B8 /* SALFlatColors */,
			);
		};
/* End PBXProject section */

/* Begin PBXResourcesBuildPhase section */
		847A0DB621A16F57008D13B8 /* Resources */ = {
			isa = PBXResourcesBuildPhase;
			buildActionMask = 2147483647;
			files = (
				847A0DD521A17165008D13B8 /* FlatColors.xcassets in Resources */,
				847A0DC621A16F57008D13B8 /* LaunchScreen.storyboard in Resources */,
				847A0DC321A16F57008D13B8 /* Assets.xcassets in Resources */,
				847A0DC121A16F57008D13B8 /* Main.storyboard in Resources */,
			);
			runOnlyForDeploymentPostprocessing = 0;
		};
/* End PBXResourcesBuildPhase section */

/* Begin PBXSourcesBuildPhase section */
		847A0DB421A16F57008D13B8 /* Sources */ = {
			isa = PBXSourcesBuildPhase;
			buildActionMask = 2147483647;
			files = (
				847A0DCF21A1703D008D13B8 /* FlatColors.swift in Sources */,
				847A0DBE21A16F57008D13B8 /* ViewController.swift in Sources */,
				847A0DBC21A16F57008D13B8 /* AppDelegate.swift in Sources */,
				847A0DD621A17165008D13B8 /* FlatLiterals.swift in Sources */,
				847A0DD121A17082008D13B8 /* Extensions.swift in Sources */,
			);
			runOnlyForDeploymentPostprocessing = 0;
		};
/* End PBXSourcesBuildPhase section */

/* Begin PBXVariantGroup section */
		847A0DBF21A16F57008D13B8 /* Main.storyboard */ = {
			isa = PBXVariantGroup;
			children = (
				847A0DC021A16F57008D13B8 /* Base */,
			);
			name = Main.storyboard;
			sourceTree = "<group>";
		};
		847A0DC421A16F57008D13B8 /* LaunchScreen.storyboard */ = {
			isa = PBXVariantGroup;
			children = (
				847A0DC521A16F57008D13B8 /* Base */,
			);
			name = LaunchScreen.storyboard;
			sourceTree = "<group>";
		};
/* End PBXVariantGroup section */

/* Begin XCBuildConfiguration section */
		847A0DC821A16F57008D13B8 /* Debug */ = {
			isa = XCBuildConfiguration;
			buildSettings = {
				ALWAYS_SEARCH_USER_PATHS = NO;
				CLANG_ANALYZER_NONNULL = YES;
				CLANG_ANALYZER_NUMBER_OBJECT_CONVERSION = YES_AGGRESSIVE;
				CLANG_CXX_LANGUAGE_STANDARD = "gnu++14";
				CLANG_CXX_LIBRARY = "libc++";
				CLANG_ENABLE_MODULES = YES;
				CLANG_ENABLE_OBJC_ARC = YES;
				CLANG_ENABLE_OBJC_WEAK = YES;
				CLANG_WARN_BLOCK_CAPTURE_AUTORELEASING = YES;
				CLANG_WARN_BOOL_CONVERSION = YES;
				CLANG_WARN_COMMA = YES;
				CLANG_WARN_CONSTANT_CONVERSION = YES;
				CLANG_WARN_DEPRECATED_OBJC_IMPLEMENTATIONS = YES;
				CLANG_WARN_DIRECT_OBJC_ISA_USAGE = YES_ERROR;
				CLANG_WARN_DOCUMENTATION_COMMENTS = YES;
				CLANG_WARN_EMPTY_BODY = YES;
				CLANG_WARN_ENUM_CONVERSION = YES;
				CLANG_WARN_INFINITE_RECURSION = YES;
				CLANG_WARN_INT_CONVERSION = YES;
				CLANG_WARN_NON_LITERAL_NULL_CONVERSION = YES;
				CLANG_WARN_OBJC_IMPLICIT_RETAIN_SELF = YES;
				CLANG_WARN_OBJC_LITERAL_CONVERSION = YES;
				CLANG_WARN_OBJC_ROOT_CLASS = YES_ERROR;
				CLANG_WARN_RANGE_LOOP_ANALYSIS = YES;
				CLANG_WARN_STRICT_PROTOTYPES = YES;
				CLANG_WARN_SUSPICIOUS_MOVE = YES;
				CLANG_WARN_UNGUARDED_AVAILABILITY = YES_AGGRESSIVE;
				CLANG_WARN_UNREACHABLE_CODE = YES;
				CLANG_WARN__DUPLICATE_METHOD_MATCH = YES;
				CODE_SIGN_IDENTITY = "iPhone Developer";
				COPY_PHASE_STRIP = NO;
				DEBUG_INFORMATION_FORMAT = dwarf;
				ENABLE_STRICT_OBJC_MSGSEND = YES;
				ENABLE_TESTABILITY = YES;
				GCC_C_LANGUAGE_STANDARD = gnu11;
				GCC_DYNAMIC_NO_PIC = NO;
				GCC_NO_COMMON_BLOCKS = YES;
				GCC_OPTIMIZATION_LEVEL = 0;
				GCC_PREPROCESSOR_DEFINITIONS = (
					"DEBUG=1",
					"$(inherited)",
				);
				GCC_WARN_64_TO_32_BIT_CONVERSION = YES;
				GCC_WARN_ABOUT_RETURN_TYPE = YES_ERROR;
				GCC_WARN_UNDECLARED_SELECTOR = YES;
				GCC_WARN_UNINITIALIZED_AUTOS = YES_AGGRESSIVE;
				GCC_WARN_UNUSED_FUNCTION = YES;
				GCC_WARN_UNUSED_VARIABLE = YES;
				IPHONEOS_DEPLOYMENT_TARGET = 8.0;
				MTL_ENABLE_DEBUG_INFO = INCLUDE_SOURCE;
				MTL_FAST_MATH = YES;
				ONLY_ACTIVE_ARCH = YES;
				SDKROOT = iphoneos;
				SWIFT_ACTIVE_COMPILATION_CONDITIONS = DEBUG;
				SWIFT_OPTIMIZATION_LEVEL = "-Onone";
			};
			name = Debug;
		};
		847A0DC921A16F57008D13B8 /* Release */ = {
			isa = XCBuildConfiguration;
			buildSettings = {
				ALWAYS_SEARCH_USER_PATHS = NO;
				CLANG_ANALYZER_NONNULL = YES;
				CLANG_ANALYZER_NUMBER_OBJECT_CONVERSION = YES_AGGRESSIVE;
				CLANG_CXX_LANGUAGE_STANDARD = "gnu++14";
				CLANG_CXX_LIBRARY = "libc++";
				CLANG_ENABLE_MODULES = YES;
				CLANG_ENABLE_OBJC_ARC = YES;
				CLANG_ENABLE_OBJC_WEAK = YES;
				CLANG_WARN_BLOCK_CAPTURE_AUTORELEASING = YES;
				CLANG_WARN_BOOL_CONVERSION = YES;
				CLANG_WARN_COMMA = YES;
				CLANG_WARN_CONSTANT_CONVERSION = YES;
				CLANG_WARN_DEPRECATED_OBJC_IMPLEMENTATIONS = YES;
				CLANG_WARN_DIRECT_OBJC_ISA_USAGE = YES_ERROR;
				CLANG_WARN_DOCUMENTATION_COMMENTS = YES;
				CLANG_WARN_EMPTY_BODY = YES;
				CLANG_WARN_ENUM_CONVERSION = YES;
				CLANG_WARN_INFINITE_RECURSION = YES;
				CLANG_WARN_INT_CONVERSION = YES;
				CLANG_WARN_NON_LITERAL_NULL_CONVERSION = YES;
				CLANG_WARN_OBJC_IMPLICIT_RETAIN_SELF = YES;
				CLANG_WARN_OBJC_LITERAL_CONVERSION = YES;
				CLANG_WARN_OBJC_ROOT_CLASS = YES_ERROR;
				CLANG_WARN_RANGE_LOOP_ANALYSIS = YES;
				CLANG_WARN_STRICT_PROTOTYPES = YES;
				CLANG_WARN_SUSPICIOUS_MOVE = YES;
				CLANG_WARN_UNGUARDED_AVAILABILITY = YES_AGGRESSIVE;
				CLANG_WARN_UNREACHABLE_CODE = YES;
				CLANG_WARN__DUPLICATE_METHOD_MATCH = YES;
				CODE_SIGN_IDENTITY = "iPhone Developer";
				COPY_PHASE_STRIP = NO;
				DEBUG_INFORMATION_FORMAT = "dwarf-with-dsym";
				ENABLE_NS_ASSERTIONS = NO;
				ENABLE_STRICT_OBJC_MSGSEND = YES;
				GCC_C_LANGUAGE_STANDARD = gnu11;
				GCC_NO_COMMON_BLOCKS = YES;
				GCC_WARN_64_TO_32_BIT_CONVERSION = YES;
				GCC_WARN_ABOUT_RETURN_TYPE = YES_ERROR;
				GCC_WARN_UNDECLARED_SELECTOR = YES;
				GCC_WARN_UNINITIALIZED_AUTOS = YES_AGGRESSIVE;
				GCC_WARN_UNUSED_FUNCTION = YES;
				GCC_WARN_UNUSED_VARIABLE = YES;
				IPHONEOS_DEPLOYMENT_TARGET = 8.0;
				MTL_ENABLE_DEBUG_INFO = NO;
				MTL_FAST_MATH = YES;
				SDKROOT = iphoneos;
				SWIFT_COMPILATION_MODE = wholemodule;
				SWIFT_OPTIMIZATION_LEVEL = "-O";
				VALIDATE_PRODUCT = YES;
			};
			name = Release;
		};
		847A0DCB21A16F57008D13B8 /* Debug */ = {
			isa = XCBuildConfiguration;
			buildSettings = {
				ASSETCATALOG_COMPILER_APPICON_NAME = AppIcon;
				CODE_SIGN_STYLE = Manual;
				DEVELOPMENT_TEAM = "";
				INFOPLIST_FILE = SALFlatColors/Info.plist;
				LD_RUNPATH_SEARCH_PATHS = (
					"$(inherited)",
					"@executable_path/Frameworks",
				);
				PRODUCT_BUNDLE_IDENTIFIER = SP.SALFlatColors;
				PRODUCT_NAME = "$(TARGET_NAME)";
				PROVISIONING_PROFILE_SPECIFIER = "";
				SWIFT_VERSION = 4.2;
				TARGETED_DEVICE_FAMILY = "1,2";
			};
			name = Debug;
		};
		847A0DCC21A16F57008D13B8 /* Release */ = {
			isa = XCBuildConfiguration;
			buildSettings = {
				ASSETCATALOG_COMPILER_APPICON_NAME = AppIcon;
				CODE_SIGN_STYLE = Manual;
				DEVELOPMENT_TEAM = "";
				INFOPLIST_FILE = SALFlatColors/Info.plist;
				LD_RUNPATH_SEARCH_PATHS = (
					"$(inherited)",
					"@executable_path/Frameworks",
				);
				PRODUCT_BUNDLE_IDENTIFIER = SP.SALFlatColors;
				PRODUCT_NAME = "$(TARGET_NAME)";
				PROVISIONING_PROFILE_SPECIFIER = "";
				SWIFT_VERSION = 4.2;
				TARGETED_DEVICE_FAMILY = "1,2";
			};
			name = Release;
		};
/* End XCBuildConfiguration section */

/* Begin XCConfigurationList section */
		847A0DB321A16F57008D13B8 /* Build configuration list for PBXProject "SALFlatColors" */ = {
			isa = XCConfigurationList;
			buildConfigurations = (
				847A0DC821A16F57008D13B8 /* Debug */,
				847A0DC921A16F57008D13B8 /* Release */,
			);
			defaultConfigurationIsVisible = 0;
			defaultConfigurationName = Release;
		};
		847A0DCA21A16F57008D13B8 /* Build configuration list for PBXNativeTarget "SALFlatColors" */ = {
			isa = XCConfigurationList;
			buildConfigurations = (
				847A0DCB21A16F57008D13B8 /* Debug */,
				847A0DCC21A16F57008D13B8 /* Release */,
			);
			defaultConfigurationIsVisible = 0;
			defaultConfigurationName = Release;
		};
/* End XCConfigurationList section */
	};
	rootObject = 847A0DB021A16F57008D13B8 /* Project object */;
}
